{
  "name": "content-publisher",
  "requires": true,
  "lockfileVersion": 1,
  "dependencies": {
    "accessible-autocomplete": {
      "version": "1.6.1",
      "resolved": "https://registry.npmjs.org/accessible-autocomplete/-/accessible-autocomplete-1.6.1.tgz",
      "integrity": "sha512-75asizh6ld4NPzxId/IcL8IjT1MzZfARCkWp5eShv0gXBt3kKj6BGFRiS/qSkeep4OM8Fz20FqiftTuPSJNITw==",
      "requires": {
        "preact": "8.3.1"
      }
    },
    "preact": {
      "version": "8.3.1",
      "resolved": "https://registry.npmjs.org/preact/-/preact-8.3.1.tgz",
      "integrity": "sha512-s8H1Y8O9e+mOBo3UP1jvWqArPmjCba2lrrGLlq/0kN1XuIINUbYtf97iiXKxCuG3eYwmppPKnyW2DBrNj/TuTg=="
    }
  }
}
